// !$*UTF8*$!
{
	archiveVersion = 1;
	classes = {
	};
	objectVersion = 77;
	objects = {

/* Begin PBXContainerItemProxy section */
		56F971162E2D266F000AEE19 /* PBXContainerItemProxy */ = {
			isa = PBXContainerItemProxy;
			containerPortal = 56F970F42E2D266D000AEE19 /* Project object */;
			proxyType = 1;
			remoteGlobalIDString = 56F970FB2E2D266D000AEE19;
			remoteInfo = "Color Critters!";
		};
		56F971202E2D266F000AEE19 /* PBXContainerItemProxy */ = {
			isa = PBXContainerItemProxy;
			containerPortal = 56F970F42E2D266D000AEE19 /* Project object */;
			proxyType = 1;
			remoteGlobalIDString = 56F970FB2E2D266D000AEE19;
			remoteInfo = "Color Critters!";
		};
/* End PBXContainerItemProxy section */

/* Begin PBXFileReference section */
		56F970FC2E2D266D000AEE19 /* Color Critters!.app */ = {isa = PBXFileReference; explicitFileType = wrapper.application; includeInIndex = 0; path = "Color Critters!.app"; sourceTree = BUILT_PRODUCTS_DIR; };
		56F971152E2D266F000AEE19 /* Color Critters!Tests.xctest */ = {isa = PBXFileReference; explicitFileType = wrapper.cfbundle; includeInIndex = 0; path = "Color Critters!Tests.xctest"; sourceTree = BUILT_PRODUCTS_DIR; };
		56F9711F2E2D266F000AEE19 /* Color Critters!UITests.xctest */ = {isa = PBXFileReference; explicitFileType = wrapper.cfbundle; includeInIndex = 0; path = "Color Critters!UITests.xctest"; sourceTree = BUILT_PRODUCTS_DIR; };
/* End PBXFileReference section */

/* Begin PBXFileSystemSynchronizedRootGroup section */
		56F970FE2E2D266D000AEE19 /* Color Critters! */ = {
			isa = PBXFileSystemSynchronizedRootGroup;
			path = "Color Critters!";
			sourceTree = "<group>";
		};
		56F971182E2D266F000AEE19 /* Color Critters!Tests */ = {
			isa = PBXFileSystemSynchronizedRootGroup;
			path = "Color Critters!Tests";
			sourceTree = "<group>";
		};
		56F971222E2D266F000AEE19 /* Color Critters!UITests */ = {
			isa = PBXFileSystemSynchronizedRootGroup;
			path = "Color Critters!UITests";
			sourceTree = "<group>";
		};
/* End PBXFileSystemSynchronizedRootGroup section */

/* Begin PBXFrameworksBuildPhase section */
		56F970F92E2D266D000AEE19 /* Frameworks */ = {
			isa = PBXFrameworksBuildPhase;
			buildActionMask = 2147483647;
			files = (
			);
			runOnlyForDeploymentPostprocessing = 0;
		};
		56F971122E2D266F000AEE19 /* Frameworks */ = {
			isa = PBXFrameworksBuildPhase;
			buildActionMask = 2147483647;
			files = (
			);
			runOnlyForDeploymentPostprocessing = 0;
		};
		56F9711C2E2D266F000AEE19 /* Frameworks */ = {
			isa = PBXFrameworksBuildPhase;
			buildActionMask = 2147483647;
			files = (
			);
			runOnlyForDeploymentPostprocessing = 0;
		};
/* End PBXFrameworksBuildPhase section */

/* Begin PBXGroup section */
		56F970F32E2D266D000AEE19 = {
			isa = PBXGroup;
			children = (
				56F970FE2E2D266D000AEE19 /* Color Critters! */,
				56F971182E2D266F000AEE19 /* Color Critters!Tests */,
				56F971222E2D266F000AEE19 /* Color Critters!UITests */,
				56F970FD2E2D266D000AEE19 /* Products */,
			);
			sourceTree = "<group>";
		};
		56F970FD2E2D266D000AEE19 /* Products */ = {
			isa = PBXGroup;
			children = (
				56F970FC2E2D266D000AEE19 /* Color Critters!.app */,
				56F971152E2D266F000AEE19 /* Color Critters!Tests.xctest */,
				56F9711F2E2D266F000AEE19 /* Color Critters!UITests.xctest */,
			);
			name = Products;
			sourceTree = "<group>";
		};
/* End PBXGroup section */

/* Begin PBXNativeTarget section */
		56F970FB2E2D266D000AEE19 /* Color Critters! */ = {
			isa = PBXNativeTarget;
			buildConfigurationList = 56F971292E2D266F000AEE19 /* Build configuration list for PBXNativeTarget "Color Critters!" */;
			buildPhases = (
				56F970F82E2D266D000AEE19 /* Sources */,
				56F970F92E2D266D000AEE19 /* Frameworks */,
				56F970FA2E2D266D000AEE19 /* Resources */,
			);
			buildRules = (
			);
			dependencies = (
			);
			fileSystemSynchronizedGroups = (
				56F970FE2E2D266D000AEE19 /* Color Critters! */,
			);
			name = "Color Critters!";
			packageProductDependencies = (
			);
			productName = "Color Critters!";
			productReference = 56F970FC2E2D266D000AEE19 /* Color Critters!.app */;
			productType = "com.apple.product-type.application";
		};
		56F971142E2D266F000AEE19 /* Color Critters!Tests */ = {
			isa = PBXNativeTarget;
			buildConfigurationList = 56F9712C2E2D266F000AEE19 /* Build configuration list for PBXNativeTarget "Color Critters!Tests" */;
			buildPhases = (
				56F971112E2D266F000AEE19 /* Sources */,
				56F971122E2D266F000AEE19 /* Frameworks */,
				56F971132E2D266F000AEE19 /* Resources */,
			);
			buildRules = (
			);
			dependencies = (
				56F971172E2D266F000AEE19 /* PBXTargetDependency */,
			);
			fileSystemSynchronizedGroups = (
				56F971182E2D266F000AEE19 /* Color Critters!Tests */,
			);
			name = "Color Critters!Tests";
			packageProductDependencies = (
			);
			productName = "Color Critters!Tests";
			productReference = 56F971152E2D266F000AEE19 /* Color Critters!Tests.xctest */;
			productType = "com.apple.product-type.bundle.unit-test";
		};
		56F9711E2E2D266F000AEE19 /* Color Critters!UITests */ = {
			isa = PBXNativeTarget;
			buildConfigurationList = 56F9712F2E2D266F000AEE19 /* Build configuration list for PBXNativeTarget "Color Critters!UITests" */;
			buildPhases = (
				56F9711B2E2D266F000AEE19 /* Sources */,
				56F9711C2E2D266F000AEE19 /* Frameworks */,
				56F9711D2E2D266F000AEE19 /* Resources */,
			);
			buildRules = (
			);
			dependencies = (
				56F971212E2D266F000AEE19 /* PBXTargetDependency */,
			);
			fileSystemSynchronizedGroups = (
				56F971222E2D266F000AEE19 /* Color Critters!UITests */,
			);
			name = "Color Critters!UITests";
			packageProductDependencies = (
			);
			productName = "Color Critters!UITests";
			productReference = 56F9711F2E2D266F000AEE19 /* Color Critters!UITests.xctest */;
			productType = "com.apple.product-type.bundle.ui-testing";
		};
/* End PBXNativeTarget section */

/* Begin PBXProject section */
		56F970F42E2D266D000AEE19 /* Project object */ = {
			isa = PBXProject;
			attributes = {
				BuildIndependentTargetsInParallel = 1;
				LastSwiftUpdateCheck = 1640;
				LastUpgradeCheck = 1640;
				TargetAttributes = {
					56F970FB2E2D266D000AEE19 = {
						CreatedOnToolsVersion = 16.4;
					};
					56F971142E2D266F000AEE19 = {
						CreatedOnToolsVersion = 16.4;
						TestTargetID = 56F970FB2E2D266D000AEE19;
					};
					56F9711E2E2D266F000AEE19 = {
						CreatedOnToolsVersion = 16.4;
						TestTargetID = 56F970FB2E2D266D000AEE19;
					};
				};
			};
			buildConfigurationList = 56F970F72E2D266D000AEE19 /* Build configuration list for PBXProject "Color Critters!" */;
			developmentRegion = en;
			hasScannedForEncodings = 0;
			knownRegions = (
				en,
				Base,
			);
			mainGroup = 56F970F32E2D266D000AEE19;
			minimizedProjectReferenceProxies = 1;
			preferredProjectObjectVersion = 77;
			productRefGroup = 56F970FD2E2D266D000AEE19 /* Products */;
			projectDirPath = "";
			projectRoot = "";
			targets = (
				56F970FB2E2D266D000AEE19 /* Color Critters! */,
				56F971142E2D266F000AEE19 /* Color Critters!Tests */,
				56F9711E2E2D266F000AEE19 /* Color Critters!UITests */,
			);
		};
/* End PBXProject section */

/* Begin PBXResourcesBuildPhase section */
		56F970FA2E2D266D000AEE19 /* Resources */ = {
			isa = PBXResourcesBuildPhase;
			buildActionMask = 2147483647;
			files = (
			);
			runOnlyForDeploymentPostprocessing = 0;
		};
		56F971132E2D266F000AEE19 /* Resources */ = {
			isa = PBXResourcesBuildPhase;
			buildActionMask = 2147483647;
			files = (
			);
			runOnlyForDeploymentPostprocessing = 0;
		};
		56F9711D2E2D266F000AEE19 /* Resources */ = {
			isa = PBXResourcesBuildPhase;
			buildActionMask = 2147483647;
			files = (
			);
			runOnlyForDeploymentPostprocessing = 0;
		};
/* End PBXResourcesBuildPhase section */

/* Begin PBXSourcesBuildPhase section */
		56F970F82E2D266D000AEE19 /* Sources */ = {
			isa = PBXSourcesBuildPhase;
			buildActionMask = 2147483647;
			files = (
			);
			runOnlyForDeploymentPostprocessing = 0;
		};
		56F971112E2D266F000AEE19 /* Sources */ = {
			isa = PBXSourcesBuildPhase;
			buildActionMask = 2147483647;
			files = (
			);
			runOnlyForDeploymentPostprocessing = 0;
		};
		56F9711B2E2D266F000AEE19 /* Sources */ = {
			isa = PBXSourcesBuildPhase;
			buildActionMask = 2147483647;
			files = (
			);
			runOnlyForDeploymentPostprocessing = 0;
		};
/* End PBXSourcesBuildPhase section */

/* Begin PBXTargetDependency section */
		56F971172E2D266F000AEE19 /* PBXTargetDependency */ = {
			isa = PBXTargetDependency;
			target = 56F970FB2E2D266D000AEE19 /* Color Critters! */;
			targetProxy = 56F971162E2D266F000AEE19 /* PBXContainerItemProxy */;
		};
		56F971212E2D266F000AEE19 /* PBXTargetDependency */ = {
			isa = PBXTargetDependency;
			target = 56F970FB2E2D266D000AEE19 /* Color Critters! */;
			targetProxy = 56F971202E2D266F000AEE19 /* PBXContainerItemProxy */;
		};
/* End PBXTargetDependency section */

/* Begin XCBuildConfiguration section */
		56F971272E2D266F000AEE19 /* Debug */ = {
			isa = XCBuildConfiguration;
			buildSettings = {
				ALWAYS_SEARCH_USER_PATHS = NO;
				ASSETCATALOG_COMPILER_GENERATE_SWIFT_ASSET_SYMBOL_EXTENSIONS = YES;
				CLANG_ANALYZER_NONNULL = YES;
				CLANG_ANALYZER_NUMBER_OBJECT_CONVERSION = YES_AGGRESSIVE;
				CLANG_CXX_LANGUAGE_STANDARD = "gnu++20";
				CLANG_ENABLE_MODULES = YES;
				CLANG_ENABLE_OBJC_ARC = YES;
				CLANG_ENABLE_OBJC_WEAK = YES;
				CLANG_WARN_BLOCK_CAPTURE_AUTORELEASING = YES;
				CLANG_WARN_BOOL_CONVERSION = YES;
				CLANG_WARN_COMMA = YES;
				CLANG_WARN_CONSTANT_CONVERSION = YES;
				CLANG_WARN_DEPRECATED_OBJC_IMPLEMENTATIONS = YES;
				CLANG_WARN_DIRECT_OBJC_ISA_USAGE = YES_ERROR;
				CLANG_WARN_DOCUMENTATION_COMMENTS = YES;
				CLANG_WARN_EMPTY_BODY = YES;
				CLANG_WARN_ENUM_CONVERSION = YES;
				CLANG_WARN_INFINITE_RECURSION = YES;
				CLANG_WARN_INT_CONVERSION = YES;
				CLANG_WARN_NON_LITERAL_NULL_CONVERSION = YES;
				CLANG_WARN_OBJC_IMPLICIT_RETAIN_SELF = YES;
				CLANG_WARN_OBJC_LITERAL_CONVERSION = YES;
				CLANG_WARN_OBJC_ROOT_CLASS = YES_ERROR;
				CLANG_WARN_QUOTED_INCLUDE_IN_FRAMEWORK_HEADER = YES;
				CLANG_WARN_RANGE_LOOP_ANALYSIS = YES;
				CLANG_WARN_STRICT_PROTOTYPES = YES;
				CLANG_WARN_SUSPICIOUS_MOVE = YES;
				CLANG_WARN_UNGUARDED_AVAILABILITY = YES_AGGRESSIVE;
				CLANG_WARN_UNREACHABLE_CODE = YES;
				CLANG_WARN__DUPLICATE_METHOD_MATCH = YES;
				COPY_PHASE_STRIP = NO;
				DEBUG_INFORMATION_FORMAT = dwarf;
				ENABLE_STRICT_OBJC_MSGSEND = YES;
				ENABLE_TESTABILITY = YES;
				ENABLE_USER_SCRIPT_SANDBOXING = YES;
				GCC_C_LANGUAGE_STANDARD = gnu17;
				GCC_DYNAMIC_NO_PIC = NO;
				GCC_NO_COMMON_BLOCKS = YES;
				GCC_OPTIMIZATION_LEVEL = 0;
				GCC_PREPROCESSOR_DEFINITIONS = (
					"DEBUG=1",
					"$(inherited)",
				);
				GCC_WARN_64_TO_32_BIT_CONVERSION = YES;
				GCC_WARN_ABOUT_RETURN_TYPE = YES_ERROR;
				GCC_WARN_UNDECLARED_SELECTOR = YES;
				GCC_WARN_UNINITIALIZED_AUTOS = YES_AGGRESSIVE;
				GCC_WARN_UNUSED_FUNCTION = YES;
				GCC_WARN_UNUSED_VARIABLE = YES;
				IPHONEOS_DEPLOYMENT_TARGET = 18.5;
				LOCALIZATION_PREFERS_STRING_CATALOGS = YES;
				MTL_ENABLE_DEBUG_INFO = INCLUDE_SOURCE;
				MTL_FAST_MATH = YES;
				ONLY_ACTIVE_ARCH = YES;
				SDKROOT = iphoneos;
				SWIFT_ACTIVE_COMPILATION_CONDITIONS = "DEBUG $(inherited)";
				SWIFT_OPTIMIZATION_LEVEL = "-Onone";
			};
			name = Debug;
		};
		56F971282E2D266F000AEE19 /* Release */ = {
			isa = XCBuildConfiguration;
			buildSettings = {
				ALWAYS_SEARCH_USER_PATHS = NO;
				ASSETCATALOG_COMPILER_GENERATE_SWIFT_ASSET_SYMBOL_EXTENSIONS = YES;
				CLANG_ANALYZER_NONNULL = YES;
				CLANG_ANALYZER_NUMBER_OBJECT_CONVERSION = YES_AGGRESSIVE;
				CLANG_CXX_LANGUAGE_STANDARD = "gnu++20";
				CLANG_ENABLE_MODULES = YES;
				CLANG_ENABLE_OBJC_ARC = YES;
				CLANG_ENABLE_OBJC_WEAK = YES;
				CLANG_WARN_BLOCK_CAPTURE_AUTORELEASING = YES;
				CLANG_WARN_BOOL_CONVERSION = YES;
				CLANG_WARN_COMMA = YES;
				CLANG_WARN_CONSTANT_CONVERSION = YES;
				CLANG_WARN_DEPRECATED_OBJC_IMPLEMENTATIONS = YES;
				CLANG_WARN_DIRECT_OBJC_ISA_USAGE = YES_ERROR;
				CLANG_WARN_DOCUMENTATION_COMMENTS = YES;
				CLANG_WARN_EMPTY_BODY = YES;
				CLANG_WARN_ENUM_CONVERSION = YES;
				CLANG_WARN_INFINITE_RECURSION = YES;
				CLANG_WARN_INT_CONVERSION = YES;
				CLANG_WARN_NON_LITERAL_NULL_CONVERSION = YES;
				CLANG_WARN_OBJC_IMPLICIT_RETAIN_SELF = YES;
				CLANG_WARN_OBJC_LITERAL_CONVERSION = YES;
				CLANG_WARN_OBJC_ROOT_CLASS = YES_ERROR;
				CLANG_WARN_QUOTED_INCLUDE_IN_FRAMEWORK_HEADER = YES;
				CLANG_WARN_RANGE_LOOP_ANALYSIS = YES;
				CLANG_WARN_STRICT_PROTOTYPES = YES;
				CLANG_WARN_SUSPICIOUS_MOVE = YES;
				CLANG_WARN_UNGUARDED_AVAILABILITY = YES_AGGRESSIVE;
				CLANG_WARN_UNREACHABLE_CODE = YES;
				CLANG_WARN__DUPLICATE_METHOD_MATCH = YES;
				COPY_PHASE_STRIP = NO;
				DEBUG_INFORMATION_FORMAT = "dwarf-with-dsym";
				ENABLE_NS_ASSERTIONS = NO;
				ENABLE_STRICT_OBJC_MSGSEND = YES;
				ENABLE_USER_SCRIPT_SANDBOXING = YES;
				GCC_C_LANGUAGE_STANDARD = gnu17;
				GCC_NO_COMMON_BLOCKS = YES;
				GCC_WARN_64_TO_32_BIT_CONVERSION = YES;
				GCC_WARN_ABOUT_RETURN_TYPE = YES_ERROR;
				GCC_WARN_UNDECLARED_SELECTOR = YES;
				GCC_WARN_UNINITIALIZED_AUTOS = YES_AGGRESSIVE;
				GCC_WARN_UNUSED_FUNCTION = YES;
				GCC_WARN_UNUSED_VARIABLE = YES;
				IPHONEOS_DEPLOYMENT_TARGET = 18.5;
				LOCALIZATION_PREFERS_STRING_CATALOGS = YES;
				MTL_ENABLE_DEBUG_INFO = NO;
				MTL_FAST_MATH = YES;
				SDKROOT = iphoneos;
				SWIFT_COMPILATION_MODE = wholemodule;
				VALIDATE_PRODUCT = YES;
			};
			name = Release;
		};
		56F9712A2E2D266F000AEE19 /* Debug */ = {
			isa = XCBuildConfiguration;
			buildSettings = {
				ASSETCATALOG_COMPILER_APPICON_NAME = AppIcon;
				ASSETCATALOG_COMPILER_GLOBAL_ACCENT_COLOR_NAME = AccentColor;
				CODE_SIGN_STYLE = Automatic;
				CURRENT_PROJECT_VERSION = 1;
				GENERATE_INFOPLIST_FILE = YES;
				INFOPLIST_KEY_CFBundleDisplayName = "Color Critters!";
				INFOPLIST_KEY_CFBundleLocalizations = en;
				INFOPLIST_KEY_CFBundleShortVersionString = 1.0;
				INFOPLIST_KEY_CFBundleVersion = 1;
				INFOPLIST_KEY_ITSAppUsesNonExemptEncryption = NO;
				INFOPLIST_KEY_LSApplicationCategoryType = "public.app-category.education";
				INFOPLIST_KEY_NSCameraUsageDescription = "This app does not use the camera.";
				INFOPLIST_KEY_NSLocationWhenInUseUsageDescription = "This app does not use location services.";
				INFOPLIST_KEY_NSMicrophoneUsageDescription = "This app does not use the microphone.";
				INFOPLIST_KEY_NSPhotoLibraryUsageDescription = "This app does not access your photo library.";
				INFOPLIST_KEY_UIApplicationSupportsIndirectInputEvents = YES;
				INFOPLIST_KEY_UILaunchStoryboardName = LaunchScreen;
				INFOPLIST_KEY_UIMainStoryboardFile = Main;
				INFOPLIST_KEY_UIRequiredDeviceCapabilities = armv7;
				INFOPLIST_KEY_UIStatusBarHidden = YES;
				INFOPLIST_KEY_UISupportedInterfaceOrientations = UIInterfaceOrientationPortrait;
				INFOPLIST_KEY_UISupportedInterfaceOrientations_iPad = "UIInterfaceOrientationPortrait UIInterfaceOrientationPortraitUpsideDown";
				INFOPLIST_KEY_UIViewControllerBasedStatusBarAppearance = NO;
				LD_RUNPATH_SEARCH_PATHS = (
					"$(inherited)",
					"@executable_path/Frameworks",
				);
				MARKETING_VERSION = 1.0;
				PRODUCT_BUNDLE_IDENTIFIER = "blackstar.Color-Critters-";
				PRODUCT_NAME = "$(TARGET_NAME)";
				SWIFT_EMIT_LOC_STRINGS = YES;
				SWIFT_VERSION = 5.0;
				TARGETED_DEVICE_FAMILY = "1,2";
			};
			name = Debug;
		};
		56F9712B2E2D266F000AEE19 /* Release */ = {
			isa = XCBuildConfiguration;
			buildSettings = {
				ASSETCATALOG_COMPILER_APPICON_NAME = AppIcon;
				ASSETCATALOG_COMPILER_GLOBAL_ACCENT_COLOR_NAME = AccentColor;
				CODE_SIGN_STYLE = Automatic;
				CURRENT_PROJECT_VERSION = 1;
				GENERATE_INFOPLIST_FILE = YES;
				INFOPLIST_KEY_CFBundleDisplayName = "Color Critters!";
				INFOPLIST_KEY_CFBundleLocalizations = en;
				INFOPLIST_KEY_CFBundleShortVersionString = 1.0;
				INFOPLIST_KEY_CFBundleVersion = 1;
				INFOPLIST_KEY_ITSAppUsesNonExemptEncryption = NO;
				INFOPLIST_KEY_LSApplicationCategoryType = "public.app-category.education";
				INFOPLIST_KEY_NSCameraUsageDescription = "This app does not use the camera.";
				INFOPLIST_KEY_NSLocationWhenInUseUsageDescription = "This app does not use location services.";
				INFOPLIST_KEY_NSMicrophoneUsageDescription = "This app does not use the microphone.";
				INFOPLIST_KEY_NSPhotoLibraryUsageDescription = "This app does not access your photo library.";
				INFOPLIST_KEY_UIApplicationSupportsIndirectInputEvents = YES;
				INFOPLIST_KEY_UILaunchStoryboardName = LaunchScreen;
				INFOPLIST_KEY_UIMainStoryboardFile = Main;
				INFOPLIST_KEY_UIRequiredDeviceCapabilities = armv7;
				INFOPLIST_KEY_UIStatusBarHidden = YES;
				INFOPLIST_KEY_UISupportedInterfaceOrientations = UIInterfaceOrientationPortrait;
				INFOPLIST_KEY_UISupportedInterfaceOrientations_iPad = "UIInterfaceOrientationPortrait UIInterfaceOrientationPortraitUpsideDown";
				INFOPLIST_KEY_UIViewControllerBasedStatusBarAppearance = NO;
				LD_RUNPATH_SEARCH_PATHS = (
					"$(inherited)",
					"@executable_path/Frameworks",
				);
				MARKETING_VERSION = 1.0;
				PRODUCT_BUNDLE_IDENTIFIER = "blackstar.Color-Critters-";
				PRODUCT_NAME = "$(TARGET_NAME)";
				SWIFT_EMIT_LOC_STRINGS = YES;
				SWIFT_VERSION = 5.0;
				TARGETED_DEVICE_FAMILY = "1,2";
			};
			name = Release;
		};
		56F9712D2E2D266F000AEE19 /* Debug */ = {
			isa = XCBuildConfiguration;
			buildSettings = {
				BUNDLE_LOADER = "$(TEST_HOST)";
				CODE_SIGN_STYLE = Automatic;
				CURRENT_PROJECT_VERSION = 1;
				GENERATE_INFOPLIST_FILE = YES;
				IPHONEOS_DEPLOYMENT_TARGET = 18.5;
				MARKETING_VERSION = 1.0;
				PRODUCT_BUNDLE_IDENTIFIER = "blackstar.Color-Critters-Tests";
				PRODUCT_NAME = "$(TARGET_NAME)";
				SWIFT_EMIT_LOC_STRINGS = NO;
				SWIFT_VERSION = 5.0;
				TARGETED_DEVICE_FAMILY = "1,2";
				TEST_HOST = "$(BUILT_PRODUCTS_DIR)/Color Critters!.app/$(BUNDLE_EXECUTABLE_FOLDER_PATH)/Color Critters!";
			};
			name = Debug;
		};
		56F9712E2E2D266F000AEE19 /* Release */ = {
			isa = XCBuildConfiguration;
			buildSettings = {
				BUNDLE_LOADER = "$(TEST_HOST)";
				CODE_SIGN_STYLE = Automatic;
				CURRENT_PROJECT_VERSION = 1;
				GENERATE_INFOPLIST_FILE = YES;
				IPHONEOS_DEPLOYMENT_TARGET = 18.5;
				MARKETING_VERSION = 1.0;
				PRODUCT_BUNDLE_IDENTIFIER = "blackstar.Color-Critters-Tests";
				PRODUCT_NAME = "$(TARGET_NAME)";
				SWIFT_EMIT_LOC_STRINGS = NO;
				SWIFT_VERSION = 5.0;
				TARGETED_DEVICE_FAMILY = "1,2";
				TEST_HOST = "$(BUILT_PRODUCTS_DIR)/Color Critters!.app/$(BUNDLE_EXECUTABLE_FOLDER_PATH)/Color Critters!";
			};
			name = Release;
		};
		56F971302E2D266F000AEE19 /* Debug */ = {
			isa = XCBuildConfiguration;
			buildSettings = {
				CODE_SIGN_STYLE = Automatic;
				CURRENT_PROJECT_VERSION = 1;
				GENERATE_INFOPLIST_FILE = YES;
				MARKETING_VERSION = 1.0;
				PRODUCT_BUNDLE_IDENTIFIER = "blackstar.Color-Critters-UITests";
				PRODUCT_NAME = "$(TARGET_NAME)";
				SWIFT_EMIT_LOC_STRINGS = NO;
				SWIFT_VERSION = 5.0;
				TARGETED_DEVICE_FAMILY = "1,2";
				TEST_TARGET_NAME = "Color Critters!";
			};
			name = Debug;
		};
		56F971312E2D266F000AEE19 /* Release */ = {
			isa = XCBuildConfiguration;
			buildSettings = {
				CODE_SIGN_STYLE = Automatic;
				CURRENT_PROJECT_VERSION = 1;
				GENERATE_INFOPLIST_FILE = YES;
				MARKETING_VERSION = 1.0;
				PRODUCT_BUNDLE_IDENTIFIER = "blackstar.Color-Critters-UITests";
				PRODUCT_NAME = "$(TARGET_NAME)";
				SWIFT_EMIT_LOC_STRINGS = NO;
				SWIFT_VERSION = 5.0;
				TARGETED_DEVICE_FAMILY = "1,2";
				TEST_TARGET_NAME = "Color Critters!";
			};
			name = Release;
		};
/* End XCBuildConfiguration section */

/* Begin XCConfigurationList section */
		56F970F72E2D266D000AEE19 /* Build configuration list for PBXProject "Color Critters!" */ = {
			isa = XCConfigurationList;
			buildConfigurations = (
				56F971272E2D266F000AEE19 /* Debug */,
				56F971282E2D266F000AEE19 /* Release */,
			);
			defaultConfigurationIsVisible = 0;
			defaultConfigurationName = Release;
		};
		56F971292E2D266F000AEE19 /* Build configuration list for PBXNativeTarget "Color Critters!" */ = {
			isa = XCConfigurationList;
			buildConfigurations = (
				56F9712A2E2D266F000AEE19 /* Debug */,
				56F9712B2E2D266F000AEE19 /* Release */,
			);
			defaultConfigurationIsVisible = 0;
			defaultConfigurationName = Release;
		};
		56F9712C2E2D266F000AEE19 /* Build configuration list for PBXNativeTarget "Color Critters!Tests" */ = {
			isa = XCConfigurationList;
			buildConfigurations = (
				56F9712D2E2D266F000AEE19 /* Debug */,
				56F9712E2E2D266F000AEE19 /* Release */,
			);
			defaultConfigurationIsVisible = 0;
			defaultConfigurationName = Release;
		};
		56F9712F2E2D266F000AEE19 /* Build configuration list for PBXNativeTarget "Color Critters!UITests" */ = {
			isa = XCConfigurationList;
			buildConfigurations = (
				56F971302E2D266F000AEE19 /* Debug */,
				56F971312E2D266F000AEE19 /* Release */,
			);
			defaultConfigurationIsVisible = 0;
			defaultConfigurationName = Release;
		};
/* End XCConfigurationList section */
	};
	rootObject = 56F970F42E2D266D000AEE19 /* Project object */;
}
